{
  "name": "@sandstack/neuron-devtools",
  "version": "0.0.0",
  "lockfileVersion": 3,
  "requires": true,
  "packages": {
    "": {
      "name": "@sandstack/neuron-devtools",
      "version": "0.0.0",
      "license": "MIT",
      "dependencies": {
        "@sandstack/neuron": "^0.0.0-alpha.0.57"
      }
    },
    "node_modules/@sandstack/neuron": {
      "version": "0.0.0-alpha.0.57",
      "resolved": "https://registry.npmjs.org/@sandstack/neuron/-/neuron-0.0.0-alpha.0.57.tgz",
      "integrity": "sha512-K49excl9nc2ULVjNEi9w1zu3nsLA11U6tR4pbjMHoT5NBu/xCDEMzjcJn2j5VSu+nkXUK6Jn+LFBacYGEC3FFA=="
    }
  }
}
