{
  "name": "@sandstack/neuron-devtools",
  "version": "0.0.0",
  "lockfileVersion": 3,
  "requires": true,
  "packages": {
    "": {
      "name": "@sandstack/neuron-devtools",
      "version": "0.0.0",
      "license": "MIT",
      "dependencies": {
        "@sandstack/neuron": "^0.0.0-alpha.0.61"
      }
    },
    "node_modules/@sandstack/neuron": {
      "version": "0.0.0-alpha.0.61",
      "resolved": "https://registry.npmjs.org/@sandstack/neuron/-/neuron-0.0.0-alpha.0.61.tgz",
      "integrity": "sha512-0mppSziz5G4Vs3yC7ysaYDIQmuGRIKUn5PJSXGNsojQDn7o6DJQwE+fEd4ZDwih3bdChORzXq4czAWGHFaFj/Q=="
    }
  }
}
